
Microsoft Visual Studio Solution File, Format Version 12.00
# Visual Studio Version 17
VisualStudioVersion = 17.8.34601.278
MinimumVisualStudioVersion = 10.0.40219.1
Project("{FAE04EC0-301F-11D3-BF4B-00C04F79EFBC}") = "PredictiveMaintenance", "PredictiveMaintenance\PredictiveMaintenance.csproj", "{8E4F4826-39E3-4E8F-976E-07F5492EB61B}"
EndProject
Project("{FAE04EC0-301F-11D3-BF4B-00C04F79EFBC}") = "PredictiveMaintenance.Api", "PredictiveMaintenance.Api\PredictiveMaintenance.Api.csproj", "{6FBD17DC-B3EF-4E50-8B0F-20E5245ECD89}"
EndProject
Global
	GlobalSection(SolutionConfigurationPlatforms) = preSolution
		Debug|Any CPU = Debug|Any CPU
		Release|Any CPU = Release|Any CPU
	EndGlobalSection
	GlobalSection(ProjectConfigurationPlatforms) = postSolution
		{8E4F4826-39E3-4E8F-976E-07F5492EB61B}.Debug|Any CPU.ActiveCfg = Debug|Any CPU
		{8E4F4826-39E3-4E8F-976E-07F5492EB61B}.Debug|Any CPU.Build.0 = Debug|Any CPU
		{8E4F4826-39E3-4E8F-976E-07F5492EB61B}.Release|Any CPU.ActiveCfg = Release|Any CPU
		{8E4F4826-39E3-4E8F-976E-07F5492EB61B}.Release|Any CPU.Build.0 = Release|Any CPU
		{6FBD17DC-B3EF-4E50-8B0F-20E5245ECD89}.Debug|Any CPU.ActiveCfg = Debug|Any CPU
		{6FBD17DC-B3EF-4E50-8B0F-20E5245ECD89}.Debug|Any CPU.Build.0 = Debug|Any CPU
		{6FBD17DC-B3EF-4E50-8B0F-20E5245ECD89}.Release|Any CPU.ActiveCfg = Release|Any CPU
		{6FBD17DC-B3EF-4E50-8B0F-20E5245ECD89}.Release|Any CPU.Build.0 = Release|Any CPU
	EndGlobalSection
	GlobalSection(SolutionProperties) = preSolution
		HideSolutionNode = FALSE
	EndGlobalSection
	GlobalSection(ExtensibilityGlobals) = postSolution
		SolutionGuid = {21F6CDFA-ABDD-4C26-9869-8A1073183801}
	EndGlobalSection
EndGlobal
